
Microsoft Visual Studio Solution File, Format Version 12.00
# Visual Studio Version 17
VisualStudioVersion = 17.0.31903.59
MinimumVisualStudioVersion = 10.0.40219.1
Project("{FAE04EC0-301F-11D3-BF4B-00C04F79EFBC}") = "API", "API\API.csproj", "{FCF15C25-99B2-4997-8C6A-3C118A77837D}"
EndProject
Project("{FAE04EC0-301F-11D3-BF4B-00C04F79EFBC}") = "Core", "Core\Core.csproj", "{318F6445-A539-4B13-8F67-BA5B0740AC3F}"
EndProject
Project("{FAE04EC0-301F-11D3-BF4B-00C04F79EFBC}") = "Infrastructure", "Infrastructure\Infrastructure.csproj", "{48EFD980-062D-441D-8716-65E554501A2B}"
EndProject
Global
	GlobalSection(SolutionConfigurationPlatforms) = preSolution
		Debug|Any CPU = Debug|Any CPU
		Release|Any CPU = Release|Any CPU
	EndGlobalSection
	GlobalSection(SolutionProperties) = preSolution
		HideSolutionNode = FALSE
	EndGlobalSection
	GlobalSection(ProjectConfigurationPlatforms) = postSolution
		{FCF15C25-99B2-4997-8C6A-3C118A77837D}.Debug|Any CPU.ActiveCfg = Debug|Any CPU
		{FCF15C25-99B2-4997-8C6A-3C118A77837D}.Debug|Any CPU.Build.0 = Debug|Any CPU
		{FCF15C25-99B2-4997-8C6A-3C118A77837D}.Release|Any CPU.ActiveCfg = Release|Any CPU
		{FCF15C25-99B2-4997-8C6A-3C118A77837D}.Release|Any CPU.Build.0 = Release|Any CPU
		{318F6445-A539-4B13-8F67-BA5B0740AC3F}.Debug|Any CPU.ActiveCfg = Debug|Any CPU
		{318F6445-A539-4B13-8F67-BA5B0740AC3F}.Debug|Any CPU.Build.0 = Debug|Any CPU
		{318F6445-A539-4B13-8F67-BA5B0740AC3F}.Release|Any CPU.ActiveCfg = Release|Any CPU
		{318F6445-A539-4B13-8F67-BA5B0740AC3F}.Release|Any CPU.Build.0 = Release|Any CPU
		{48EFD980-062D-441D-8716-65E554501A2B}.Debug|Any CPU.ActiveCfg = Debug|Any CPU
		{48EFD980-062D-441D-8716-65E554501A2B}.Debug|Any CPU.Build.0 = Debug|Any CPU
		{48EFD980-062D-441D-8716-65E554501A2B}.Release|Any CPU.ActiveCfg = Release|Any CPU
		{48EFD980-062D-441D-8716-65E554501A2B}.Release|Any CPU.Build.0 = Release|Any CPU
	EndGlobalSection
EndGlobal
